// !$*UTF8*$!
{
	archiveVersion = 1;
	classes = {
	};
	objectVersion = 46;
	objects = {

/* Begin PBXBuildFile section */
		734F42EC6CE7FA6C25855BD5 /* Pods_Beauty.framework in Frameworks */ = {isa = PBXBuildFile; fileRef = 9277F5689D337534470BA70E /* Pods_Beauty.framework */; };
		9D4C217B1F0541A200B1685A /* YJNavigationController.swift in Sources */ = {isa = PBXBuildFile; fileRef = 9D4C217A1F0541A200B1685A /* YJNavigationController.swift */; };
		9D4C217D1F05486900B1685A /* YJNewfeatureController.swift in Sources */ = {isa = PBXBuildFile; fileRef = 9D4C217C1F05486900B1685A /* YJNewfeatureController.swift */; };
		9D4C217F1F054FCA00B1685A /* YJTopicViewController.swift in Sources */ = {isa = PBXBuildFile; fileRef = 9D4C217E1F054FCA00B1685A /* YJTopicViewController.swift */; };
		9D4C21821F05536200B1685A /* YJHomeCell.swift in Sources */ = {isa = PBXBuildFile; fileRef = 9D4C21801F05536200B1685A /* YJHomeCell.swift */; };
		9D4C21831F05536300B1685A /* YJHomeCell.xib in Resources */ = {isa = PBXBuildFile; fileRef = 9D4C21811F05536200B1685A /* YJHomeCell.xib */; };
		9D4C21851F055C6800B1685A /* UIView+Extension.swift in Sources */ = {isa = PBXBuildFile; fileRef = 9D4C21841F055C6800B1685A /* UIView+Extension.swift */; };
		9D4C21871F05F4AB00B1685A /* YJDetailViewController.swift in Sources */ = {isa = PBXBuildFile; fileRef = 9D4C21861F05F4AB00B1685A /* YJDetailViewController.swift */; };
		9D4C218D1F05F82D00B1685A /* YJLoginViewController.swift in Sources */ = {isa = PBXBuildFile; fileRef = 9D4C218C1F05F82D00B1685A /* YJLoginViewController.swift */; };
		9D4C218F1F05F8ED00B1685A /* YJRegisterViewController.swift in Sources */ = {isa = PBXBuildFile; fileRef = 9D4C218E1F05F8EC00B1685A /* YJRegisterViewController.swift */; };
		9D4C21911F05F9D300B1685A /* YJLoginViewController.xib in Resources */ = {isa = PBXBuildFile; fileRef = 9D4C21901F05F9D300B1685A /* YJLoginViewController.xib */; };
		9DE1F3A41F035DB5006B119C /* AppDelegate.swift in Sources */ = {isa = PBXBuildFile; fileRef = 9DE1F3A31F035DB5006B119C /* AppDelegate.swift */; };
		9DE1F3A61F035DB5006B119C /* ViewController.swift in Sources */ = {isa = PBXBuildFile; fileRef = 9DE1F3A51F035DB5006B119C /* ViewController.swift */; };
		9DE1F3A91F035DB6006B119C /* Main.storyboard in Resources */ = {isa = PBXBuildFile; fileRef = 9DE1F3A71F035DB6006B119C /* Main.storyboard */; };
		9DE1F3AB1F035DB6006B119C /* Assets.xcassets in Resources */ = {isa = PBXBuildFile; fileRef = 9DE1F3AA1F035DB6006B119C /* Assets.xcassets */; };
		9DE1F3AE1F035DB6006B119C /* LaunchScreen.storyboard in Resources */ = {isa = PBXBuildFile; fileRef = 9DE1F3AC1F035DB6006B119C /* LaunchScreen.storyboard */; };
		9DE1F3B71F0367DB006B119C /* YJConst.swift in Sources */ = {isa = PBXBuildFile; fileRef = 9DE1F3B61F0367DB006B119C /* YJConst.swift */; };
		9DE1F3BB1F036979006B119C /* YJTabBarController.swift in Sources */ = {isa = PBXBuildFile; fileRef = 9DE1F3BA1F036979006B119C /* YJTabBarController.swift */; };
		9DE1F3CD1F036DA8006B119C /* YJBaseViewController.swift in Sources */ = {isa = PBXBuildFile; fileRef = 9DE1F3CC1F036DA8006B119C /* YJBaseViewController.swift */; };
		9DE1F3CF1F03DA4B006B119C /* YJHomeController.swift in Sources */ = {isa = PBXBuildFile; fileRef = 9DE1F3CE1F03DA4B006B119C /* YJHomeController.swift */; };
		9DE1F3D11F03DC47006B119C /* YJChannel.swift in Sources */ = {isa = PBXBuildFile; fileRef = 9DE1F3D01F03DC47006B119C /* YJChannel.swift */; };
		9DE1F3D51F03DFFB006B119C /* YJNetworkTool.swift in Sources */ = {isa = PBXBuildFile; fileRef = 9DE1F3D41F03DFFB006B119C /* YJNetworkTool.swift */; };
		9DE1F3D71F03EB33006B119C /* YJHomeItem.swift in Sources */ = {isa = PBXBuildFile; fileRef = 9DE1F3D61F03EB33006B119C /* YJHomeItem.swift */; };
		9DE1F3D91F03F76F006B119C /* YJSearchResult.swift in Sources */ = {isa = PBXBuildFile; fileRef = 9DE1F3D81F03F76F006B119C /* YJSearchResult.swift */; };
		9DE1F3DB1F03F7F0006B119C /* YJProduct.swift in Sources */ = {isa = PBXBuildFile; fileRef = 9DE1F3DA1F03F7F0006B119C /* YJProduct.swift */; };
		9DE1F3DD1F04064E006B119C /* YJProductDetailData.swift in Sources */ = {isa = PBXBuildFile; fileRef = 9DE1F3DC1F04064E006B119C /* YJProductDetailData.swift */; };
		9DE1F3DF1F040952006B119C /* YJComment.swift in Sources */ = {isa = PBXBuildFile; fileRef = 9DE1F3DE1F040952006B119C /* YJComment.swift */; };
		9DE1F3E11F040CA1006B119C /* YJCollection.swift in Sources */ = {isa = PBXBuildFile; fileRef = 9DE1F3E01F040CA1006B119C /* YJCollection.swift */; };
		9DE1F3E31F040CBD006B119C /* YJCollectionPost.swift in Sources */ = {isa = PBXBuildFile; fileRef = 9DE1F3E21F040CBD006B119C /* YJCollectionPost.swift */; };
		9DE1F3E51F040CD2006B119C /* YJGroup.swift in Sources */ = {isa = PBXBuildFile; fileRef = 9DE1F3E41F040CD2006B119C /* YJGroup.swift */; };
/* End PBXBuildFile section */

/* Begin PBXFileReference section */
		41F502CEC5D0B78D5D250B4A /* Pods-Beauty.release.xcconfig */ = {isa = PBXFileReference; includeInIndex = 1; lastKnownFileType = text.xcconfig; name = "Pods-Beauty.release.xcconfig"; path = "Pods/Target Support Files/Pods-Beauty/Pods-Beauty.release.xcconfig"; sourceTree = "<group>"; };
		4EF2437BECDFDBC98D4C9B61 /* Pods-Beauty.debug.xcconfig */ = {isa = PBXFileReference; includeInIndex = 1; lastKnownFileType = text.xcconfig; name = "Pods-Beauty.debug.xcconfig"; path = "Pods/Target Support Files/Pods-Beauty/Pods-Beauty.debug.xcconfig"; sourceTree = "<group>"; };
		9277F5689D337534470BA70E /* Pods_Beauty.framework */ = {isa = PBXFileReference; explicitFileType = wrapper.framework; includeInIndex = 0; path = Pods_Beauty.framework; sourceTree = BUILT_PRODUCTS_DIR; };
		9D4C217A1F0541A200B1685A /* YJNavigationController.swift */ = {isa = PBXFileReference; fileEncoding = 4; lastKnownFileType = sourcecode.swift; path = YJNavigationController.swift; sourceTree = "<group>"; };
		9D4C217C1F05486900B1685A /* YJNewfeatureController.swift */ = {isa = PBXFileReference; fileEncoding = 4; lastKnownFileType = sourcecode.swift; path = YJNewfeatureController.swift; sourceTree = "<group>"; };
		9D4C217E1F054FCA00B1685A /* YJTopicViewController.swift */ = {isa = PBXFileReference; fileEncoding = 4; lastKnownFileType = sourcecode.swift; path = YJTopicViewController.swift; sourceTree = "<group>"; };
		9D4C21801F05536200B1685A /* YJHomeCell.swift */ = {isa = PBXFileReference; fileEncoding = 4; lastKnownFileType = sourcecode.swift; path = YJHomeCell.swift; sourceTree = "<group>"; };
		9D4C21811F05536200B1685A /* YJHomeCell.xib */ = {isa = PBXFileReference; fileEncoding = 4; lastKnownFileType = file.xib; path = YJHomeCell.xib; sourceTree = "<group>"; };
		9D4C21841F055C6800B1685A /* UIView+Extension.swift */ = {isa = PBXFileReference; fileEncoding = 4; lastKnownFileType = sourcecode.swift; path = "UIView+Extension.swift"; sourceTree = "<group>"; };
		9D4C21861F05F4AB00B1685A /* YJDetailViewController.swift */ = {isa = PBXFileReference; fileEncoding = 4; lastKnownFileType = sourcecode.swift; path = YJDetailViewController.swift; sourceTree = "<group>"; };
		9D4C218C1F05F82D00B1685A /* YJLoginViewController.swift */ = {isa = PBXFileReference; fileEncoding = 4; lastKnownFileType = sourcecode.swift; path = YJLoginViewController.swift; sourceTree = "<group>"; };
		9D4C218E1F05F8EC00B1685A /* YJRegisterViewController.swift */ = {isa = PBXFileReference; fileEncoding = 4; lastKnownFileType = sourcecode.swift; path = YJRegisterViewController.swift; sourceTree = "<group>"; };
		9D4C21901F05F9D300B1685A /* YJLoginViewController.xib */ = {isa = PBXFileReference; fileEncoding = 4; lastKnownFileType = file.xib; path = YJLoginViewController.xib; sourceTree = "<group>"; };
		9DE1F3A01F035DB5006B119C /* Beauty.app */ = {isa = PBXFileReference; explicitFileType = wrapper.application; includeInIndex = 0; path = Beauty.app; sourceTree = BUILT_PRODUCTS_DIR; };
		9DE1F3A31F035DB5006B119C /* AppDelegate.swift */ = {isa = PBXFileReference; lastKnownFileType = sourcecode.swift; path = AppDelegate.swift; sourceTree = "<group>"; };
		9DE1F3A51F035DB5006B119C /* ViewController.swift */ = {isa = PBXFileReference; lastKnownFileType = sourcecode.swift; path = ViewController.swift; sourceTree = "<group>"; };
		9DE1F3A81F035DB6006B119C /* Base */ = {isa = PBXFileReference; lastKnownFileType = file.storyboard; name = Base; path = Base.lproj/Main.storyboard; sourceTree = "<group>"; };
		9DE1F3AA1F035DB6006B119C /* Assets.xcassets */ = {isa = PBXFileReference; lastKnownFileType = folder.assetcatalog; path = Assets.xcassets; sourceTree = "<group>"; };
		9DE1F3AD1F035DB6006B119C /* Base */ = {isa = PBXFileReference; lastKnownFileType = file.storyboard; name = Base; path = Base.lproj/LaunchScreen.storyboard; sourceTree = "<group>"; };
		9DE1F3AF1F035DB6006B119C /* Info.plist */ = {isa = PBXFileReference; lastKnownFileType = text.plist.xml; path = Info.plist; sourceTree = "<group>"; };
		9DE1F3B61F0367DB006B119C /* YJConst.swift */ = {isa = PBXFileReference; fileEncoding = 4; lastKnownFileType = sourcecode.swift; name = YJConst.swift; path = Config/YJConst.swift; sourceTree = SOURCE_ROOT; };
		9DE1F3BA1F036979006B119C /* YJTabBarController.swift */ = {isa = PBXFileReference; fileEncoding = 4; lastKnownFileType = sourcecode.swift; path = YJTabBarController.swift; sourceTree = "<group>"; };
		9DE1F3CC1F036DA8006B119C /* YJBaseViewController.swift */ = {isa = PBXFileReference; fileEncoding = 4; lastKnownFileType = sourcecode.swift; path = YJBaseViewController.swift; sourceTree = "<group>"; };
		9DE1F3CE1F03DA4B006B119C /* YJHomeController.swift */ = {isa = PBXFileReference; fileEncoding = 4; lastKnownFileType = sourcecode.swift; path = YJHomeController.swift; sourceTree = "<group>"; };
		9DE1F3D01F03DC47006B119C /* YJChannel.swift */ = {isa = PBXFileReference; fileEncoding = 4; lastKnownFileType = sourcecode.swift; path = YJChannel.swift; sourceTree = "<group>"; };
		9DE1F3D41F03DFFB006B119C /* YJNetworkTool.swift */ = {isa = PBXFileReference; fileEncoding = 4; lastKnownFileType = sourcecode.swift; path = YJNetworkTool.swift; sourceTree = "<group>"; };
		9DE1F3D61F03EB33006B119C /* YJHomeItem.swift */ = {isa = PBXFileReference; fileEncoding = 4; lastKnownFileType = sourcecode.swift; path = YJHomeItem.swift; sourceTree = "<group>"; };
		9DE1F3D81F03F76F006B119C /* YJSearchResult.swift */ = {isa = PBXFileReference; fileEncoding = 4; lastKnownFileType = sourcecode.swift; path = YJSearchResult.swift; sourceTree = "<group>"; };
		9DE1F3DA1F03F7F0006B119C /* YJProduct.swift */ = {isa = PBXFileReference; fileEncoding = 4; lastKnownFileType = sourcecode.swift; path = YJProduct.swift; sourceTree = "<group>"; };
		9DE1F3DC1F04064E006B119C /* YJProductDetailData.swift */ = {isa = PBXFileReference; fileEncoding = 4; lastKnownFileType = sourcecode.swift; path = YJProductDetailData.swift; sourceTree = "<group>"; };
		9DE1F3DE1F040952006B119C /* YJComment.swift */ = {isa = PBXFileReference; fileEncoding = 4; lastKnownFileType = sourcecode.swift; path = YJComment.swift; sourceTree = "<group>"; };
		9DE1F3E01F040CA1006B119C /* YJCollection.swift */ = {isa = PBXFileReference; fileEncoding = 4; lastKnownFileType = sourcecode.swift; path = YJCollection.swift; sourceTree = "<group>"; };
		9DE1F3E21F040CBD006B119C /* YJCollectionPost.swift */ = {isa = PBXFileReference; fileEncoding = 4; lastKnownFileType = sourcecode.swift; path = YJCollectionPost.swift; sourceTree = "<group>"; };
		9DE1F3E41F040CD2006B119C /* YJGroup.swift */ = {isa = PBXFileReference; fileEncoding = 4; lastKnownFileType = sourcecode.swift; path = YJGroup.swift; sourceTree = "<group>"; };
/* End PBXFileReference section */

/* Begin PBXFrameworksBuildPhase section */
		9DE1F39D1F035DB5006B119C /* Frameworks */ = {
			isa = PBXFrameworksBuildPhase;
			buildActionMask = 2147483647;
			files = (
				734F42EC6CE7FA6C25855BD5 /* Pods_Beauty.framework in Frameworks */,
			);
			runOnlyForDeploymentPostprocessing = 0;
		};
/* End PBXFrameworksBuildPhase section */

/* Begin PBXGroup section */
		0131F75B9A008E12FA34B840 /* Frameworks */ = {
			isa = PBXGroup;
			children = (
				9277F5689D337534470BA70E /* Pods_Beauty.framework */,
			);
			name = Frameworks;
			sourceTree = "<group>";
		};
		13543478D8FDCDCC0669D105 /* Pods */ = {
			isa = PBXGroup;
			children = (
				4EF2437BECDFDBC98D4C9B61 /* Pods-Beauty.debug.xcconfig */,
				41F502CEC5D0B78D5D250B4A /* Pods-Beauty.release.xcconfig */,
			);
			name = Pods;
			sourceTree = "<group>";
		};
		9D4C21881F05F81F00B1685A /* Login&Register */ = {
			isa = PBXGroup;
			children = (
				9D4C21891F05F81F00B1685A /* Controller */,
				9D4C218A1F05F81F00B1685A /* Model */,
				9D4C218B1F05F81F00B1685A /* View */,
			);
			path = "Login&Register";
			sourceTree = "<group>";
		};
		9D4C21891F05F81F00B1685A /* Controller */ = {
			isa = PBXGroup;
			children = (
				9D4C218C1F05F82D00B1685A /* YJLoginViewController.swift */,
				9D4C218E1F05F8EC00B1685A /* YJRegisterViewController.swift */,
				9D4C21901F05F9D300B1685A /* YJLoginViewController.xib */,
			);
			path = Controller;
			sourceTree = "<group>";
		};
		9D4C218A1F05F81F00B1685A /* Model */ = {
			isa = PBXGroup;
			children = (
			);
			path = Model;
			sourceTree = "<group>";
		};
		9D4C218B1F05F81F00B1685A /* View */ = {
			isa = PBXGroup;
			children = (
			);
			path = View;
			sourceTree = "<group>";
		};
		9DE1F3971F035DB5006B119C = {
			isa = PBXGroup;
			children = (
				9DE1F3A21F035DB5006B119C /* Beauty */,
				9DE1F3A11F035DB5006B119C /* Products */,
				13543478D8FDCDCC0669D105 /* Pods */,
				0131F75B9A008E12FA34B840 /* Frameworks */,
			);
			sourceTree = "<group>";
		};
		9DE1F3A11F035DB5006B119C /* Products */ = {
			isa = PBXGroup;
			children = (
				9DE1F3A01F035DB5006B119C /* Beauty.app */,
			);
			name = Products;
			sourceTree = "<group>";
		};
		9DE1F3A21F035DB5006B119C /* Beauty */ = {
			isa = PBXGroup;
			children = (
				9D4C21881F05F81F00B1685A /* Login&Register */,
				9DE1F3BC1F036D70006B119C /* Category */,
				9DE1F3C01F036D70006B119C /* Danpin */,
				9DE1F3C41F036D70006B119C /* Home */,
				9DE1F3C81F036D70006B119C /* My */,
				9DE1F3B81F036952006B119C /* Main */,
				9DE1F3B51F036777006B119C /* Config */,
				9DE1F3A31F035DB5006B119C /* AppDelegate.swift */,
				9DE1F3A51F035DB5006B119C /* ViewController.swift */,
				9DE1F3A71F035DB6006B119C /* Main.storyboard */,
				9DE1F3AA1F035DB6006B119C /* Assets.xcassets */,
				9DE1F3AC1F035DB6006B119C /* LaunchScreen.storyboard */,
				9DE1F3AF1F035DB6006B119C /* Info.plist */,
			);
			path = Beauty;
			sourceTree = "<group>";
		};
		9DE1F3B51F036777006B119C /* Config */ = {
			isa = PBXGroup;
			children = (
				9DE1F3B61F0367DB006B119C /* YJConst.swift */,
			);
			name = Config;
			sourceTree = "<group>";
		};
		9DE1F3B81F036952006B119C /* Main */ = {
			isa = PBXGroup;
			children = (
				9DE1F3D21F03DFDE006B119C /* Category */,
				9DE1F3D31F03DFDE006B119C /* Tools */,
				9DE1F3B91F036952006B119C /* Controller */,
			);
			path = Main;
			sourceTree = "<group>";
		};
		9DE1F3B91F036952006B119C /* Controller */ = {
			isa = PBXGroup;
			children = (
				9DE1F3BA1F036979006B119C /* YJTabBarController.swift */,
				9DE1F3CC1F036DA8006B119C /* YJBaseViewController.swift */,
				9D4C217A1F0541A200B1685A /* YJNavigationController.swift */,
				9D4C217C1F05486900B1685A /* YJNewfeatureController.swift */,
			);
			path = Controller;
			sourceTree = "<group>";
		};
		9DE1F3BC1F036D70006B119C /* Category */ = {
			isa = PBXGroup;
			children = (
				9DE1F3BD1F036D70006B119C /* Controller */,
				9DE1F3BE1F036D70006B119C /* Model */,
				9DE1F3BF1F036D70006B119C /* View */,
			);
			path = Category;
			sourceTree = "<group>";
		};
		9DE1F3BD1F036D70006B119C /* Controller */ = {
			isa = PBXGroup;
			children = (
			);
			path = Controller;
			sourceTree = "<group>";
		};
		9DE1F3BE1F036D70006B119C /* Model */ = {
			isa = PBXGroup;
			children = (
				9DE1F3E01F040CA1006B119C /* YJCollection.swift */,
				9DE1F3E21F040CBD006B119C /* YJCollectionPost.swift */,
				9DE1F3E41F040CD2006B119C /* YJGroup.swift */,
			);
			path = Model;
			sourceTree = "<group>";
		};
		9DE1F3BF1F036D70006B119C /* View */ = {
			isa = PBXGroup;
			children = (
			);
			path = View;
			sourceTree = "<group>";
		};
		9DE1F3C01F036D70006B119C /* Danpin */ = {
			isa = PBXGroup;
			children = (
				9DE1F3C11F036D70006B119C /* Controller */,
				9DE1F3C21F036D70006B119C /* Model */,
				9DE1F3C31F036D70006B119C /* View */,
			);
			path = Danpin;
			sourceTree = "<group>";
		};
		9DE1F3C11F036D70006B119C /* Controller */ = {
			isa = PBXGroup;
			children = (
			);
			path = Controller;
			sourceTree = "<group>";
		};
		9DE1F3C21F036D70006B119C /* Model */ = {
			isa = PBXGroup;
			children = (
				9DE1F3DA1F03F7F0006B119C /* YJProduct.swift */,
				9DE1F3DC1F04064E006B119C /* YJProductDetailData.swift */,
				9DE1F3DE1F040952006B119C /* YJComment.swift */,
			);
			path = Model;
			sourceTree = "<group>";
		};
		9DE1F3C31F036D70006B119C /* View */ = {
			isa = PBXGroup;
			children = (
			);
			path = View;
			sourceTree = "<group>";
		};
		9DE1F3C41F036D70006B119C /* Home */ = {
			isa = PBXGroup;
			children = (
				9DE1F3C51F036D70006B119C /* Controller */,
				9DE1F3C61F036D70006B119C /* Model */,
				9DE1F3C71F036D70006B119C /* View */,
			);
			path = Home;
			sourceTree = "<group>";
		};
		9DE1F3C51F036D70006B119C /* Controller */ = {
			isa = PBXGroup;
			children = (
				9DE1F3CE1F03DA4B006B119C /* YJHomeController.swift */,
				9D4C217E1F054FCA00B1685A /* YJTopicViewController.swift */,
				9D4C21861F05F4AB00B1685A /* YJDetailViewController.swift */,
			);
			path = Controller;
			sourceTree = "<group>";
		};
		9DE1F3C61F036D70006B119C /* Model */ = {
			isa = PBXGroup;
			children = (
				9DE1F3D01F03DC47006B119C /* YJChannel.swift */,
				9DE1F3D61F03EB33006B119C /* YJHomeItem.swift */,
				9DE1F3D81F03F76F006B119C /* YJSearchResult.swift */,
			);
			path = Model;
			sourceTree = "<group>";
		};
		9DE1F3C71F036D70006B119C /* View */ = {
			isa = PBXGroup;
			children = (
				9D4C21801F05536200B1685A /* YJHomeCell.swift */,
				9D4C21811F05536200B1685A /* YJHomeCell.xib */,
			);
			path = View;
			sourceTree = "<group>";
		};
		9DE1F3C81F036D70006B119C /* My */ = {
			isa = PBXGroup;
			children = (
				9DE1F3C91F036D70006B119C /* Controller */,
				9DE1F3CA1F036D70006B119C /* Model */,
				9DE1F3CB1F036D70006B119C /* View */,
			);
			path = My;
			sourceTree = "<group>";
		};
		9DE1F3C91F036D70006B119C /* Controller */ = {
			isa = PBXGroup;
			children = (
			);
			path = Controller;
			sourceTree = "<group>";
		};
		9DE1F3CA1F036D70006B119C /* Model */ = {
			isa = PBXGroup;
			children = (
			);
			path = Model;
			sourceTree = "<group>";
		};
		9DE1F3CB1F036D70006B119C /* View */ = {
			isa = PBXGroup;
			children = (
			);
			path = View;
			sourceTree = "<group>";
		};
		9DE1F3D21F03DFDE006B119C /* Category */ = {
			isa = PBXGroup;
			children = (
				9D4C21841F055C6800B1685A /* UIView+Extension.swift */,
			);
			path = Category;
			sourceTree = "<group>";
		};
		9DE1F3D31F03DFDE006B119C /* Tools */ = {
			isa = PBXGroup;
			children = (
				9DE1F3D41F03DFFB006B119C /* YJNetworkTool.swift */,
			);
			path = Tools;
			sourceTree = "<group>";
		};
/* End PBXGroup section */

/* Begin PBXNativeTarget section */
		9DE1F39F1F035DB5006B119C /* Beauty */ = {
			isa = PBXNativeTarget;
			buildConfigurationList = 9DE1F3B21F035DB6006B119C /* Build configuration list for PBXNativeTarget "Beauty" */;
			buildPhases = (
				A8305DD60AEA3CCF7DD4BB2C /* [CP] Check Pods Manifest.lock */,
				9DE1F39C1F035DB5006B119C /* Sources */,
				9DE1F39D1F035DB5006B119C /* Frameworks */,
				9DE1F39E1F035DB5006B119C /* Resources */,
				0808B6C37C8FE6FCC455E371 /* [CP] Embed Pods Frameworks */,
				CEB0F259AE79D28AF6B9AFC5 /* [CP] Copy Pods Resources */,
			);
			buildRules = (
			);
			dependencies = (
			);
			name = Beauty;
			productName = Beauty;
			productReference = 9DE1F3A01F035DB5006B119C /* Beauty.app */;
			productType = "com.apple.product-type.application";
		};
/* End PBXNativeTarget section */

/* Begin PBXProject section */
		9DE1F3981F035DB5006B119C /* Project object */ = {
			isa = PBXProject;
			attributes = {
				CLASSPREFIX = YJ;
				LastSwiftUpdateCheck = 0830;
				LastUpgradeCheck = 0830;
				ORGANIZATIONNAME = VIPLimited;
				TargetAttributes = {
					9DE1F39F1F035DB5006B119C = {
						CreatedOnToolsVersion = 8.3.3;
						DevelopmentTeam = JH4GHHSL6Z;
						ProvisioningStyle = Automatic;
					};
				};
			};
			buildConfigurationList = 9DE1F39B1F035DB5006B119C /* Build configuration list for PBXProject "Beauty" */;
			compatibilityVersion = "Xcode 3.2";
			developmentRegion = English;
			hasScannedForEncodings = 0;
			knownRegions = (
				en,
				Base,
			);
			mainGroup = 9DE1F3971F035DB5006B119C;
			productRefGroup = 9DE1F3A11F035DB5006B119C /* Products */;
			projectDirPath = "";
			projectRoot = "";
			targets = (
				9DE1F39F1F035DB5006B119C /* Beauty */,
			);
		};
/* End PBXProject section */

/* Begin PBXResourcesBuildPhase section */
		9DE1F39E1F035DB5006B119C /* Resources */ = {
			isa = PBXResourcesBuildPhase;
			buildActionMask = 2147483647;
			files = (
				9DE1F3AE1F035DB6006B119C /* LaunchScreen.storyboard in Resources */,
				9DE1F3AB1F035DB6006B119C /* Assets.xcassets in Resources */,
				9DE1F3A91F035DB6006B119C /* Main.storyboard in Resources */,
				9D4C21911F05F9D300B1685A /* YJLoginViewController.xib in Resources */,
				9D4C21831F05536300B1685A /* YJHomeCell.xib in Resources */,
			);
			runOnlyForDeploymentPostprocessing = 0;
		};
/* End PBXResourcesBuildPhase section */

/* Begin PBXShellScriptBuildPhase section */
		0808B6C37C8FE6FCC455E371 /* [CP] Embed Pods Frameworks */ = {
			isa = PBXShellScriptBuildPhase;
			buildActionMask = 2147483647;
			files = (
			);
			inputPaths = (
			);
			name = "[CP] Embed Pods Frameworks";
			outputPaths = (
			);
			runOnlyForDeploymentPostprocessing = 0;
			shellPath = /bin/sh;
			shellScript = "\"${SRCROOT}/Pods/Target Support Files/Pods-Beauty/Pods-Beauty-frameworks.sh\"\n";
			showEnvVarsInLog = 0;
		};
		A8305DD60AEA3CCF7DD4BB2C /* [CP] Check Pods Manifest.lock */ = {
			isa = PBXShellScriptBuildPhase;
			buildActionMask = 2147483647;
			files = (
			);
			inputPaths = (
			);
			name = "[CP] Check Pods Manifest.lock";
			outputPaths = (
			);
			runOnlyForDeploymentPostprocessing = 0;
			shellPath = /bin/sh;
			shellScript = "diff \"${PODS_PODFILE_DIR_PATH}/Podfile.lock\" \"${PODS_ROOT}/Manifest.lock\" > /dev/null\nif [ $? != 0 ] ; then\n    # print error to STDERR\n    echo \"error: The sandbox is not in sync with the Podfile.lock. Run 'pod install' or update your CocoaPods installation.\" >&2\n    exit 1\nfi\n";
			showEnvVarsInLog = 0;
		};
		CEB0F259AE79D28AF6B9AFC5 /* [CP] Copy Pods Resources */ = {
			isa = PBXShellScriptBuildPhase;
			buildActionMask = 2147483647;
			files = (
			);
			inputPaths = (
			);
			name = "[CP] Copy Pods Resources";
			outputPaths = (
			);
			runOnlyForDeploymentPostprocessing = 0;
			shellPath = /bin/sh;
			shellScript = "\"${SRCROOT}/Pods/Target Support Files/Pods-Beauty/Pods-Beauty-resources.sh\"\n";
			showEnvVarsInLog = 0;
		};
/* End PBXShellScriptBuildPhase section */

/* Begin PBXSourcesBuildPhase section */
		9DE1F39C1F035DB5006B119C /* Sources */ = {
			isa = PBXSourcesBuildPhase;
			buildActionMask = 2147483647;
			files = (
				9DE1F3E31F040CBD006B119C /* YJCollectionPost.swift in Sources */,
				9DE1F3B71F0367DB006B119C /* YJConst.swift in Sources */,
				9D4C21871F05F4AB00B1685A /* YJDetailViewController.swift in Sources */,
				9DE1F3D51F03DFFB006B119C /* YJNetworkTool.swift in Sources */,
				9DE1F3A61F035DB5006B119C /* ViewController.swift in Sources */,
				9DE1F3D91F03F76F006B119C /* YJSearchResult.swift in Sources */,
				9DE1F3E11F040CA1006B119C /* YJCollection.swift in Sources */,
				9DE1F3BB1F036979006B119C /* YJTabBarController.swift in Sources */,
				9D4C218F1F05F8ED00B1685A /* YJRegisterViewController.swift in Sources */,
				9DE1F3DF1F040952006B119C /* YJComment.swift in Sources */,
				9DE1F3E51F040CD2006B119C /* YJGroup.swift in Sources */,
				9DE1F3D71F03EB33006B119C /* YJHomeItem.swift in Sources */,
				9D4C217D1F05486900B1685A /* YJNewfeatureController.swift in Sources */,
				9DE1F3DB1F03F7F0006B119C /* YJProduct.swift in Sources */,
				9D4C217F1F054FCA00B1685A /* YJTopicViewController.swift in Sources */,
				9DE1F3D11F03DC47006B119C /* YJChannel.swift in Sources */,
				9D4C217B1F0541A200B1685A /* YJNavigationController.swift in Sources */,
				9D4C21851F055C6800B1685A /* UIView+Extension.swift in Sources */,
				9D4C21821F05536200B1685A /* YJHomeCell.swift in Sources */,
				9DE1F3CF1F03DA4B006B119C /* YJHomeController.swift in Sources */,
				9DE1F3DD1F04064E006B119C /* YJProductDetailData.swift in Sources */,
				9D4C218D1F05F82D00B1685A /* YJLoginViewController.swift in Sources */,
				9DE1F3A41F035DB5006B119C /* AppDelegate.swift in Sources */,
				9DE1F3CD1F036DA8006B119C /* YJBaseViewController.swift in Sources */,
			);
			runOnlyForDeploymentPostprocessing = 0;
		};
/* End PBXSourcesBuildPhase section */

/* Begin PBXVariantGroup section */
		9DE1F3A71F035DB6006B119C /* Main.storyboard */ = {
			isa = PBXVariantGroup;
			children = (
				9DE1F3A81F035DB6006B119C /* Base */,
			);
			name = Main.storyboard;
			sourceTree = "<group>";
		};
		9DE1F3AC1F035DB6006B119C /* LaunchScreen.storyboard */ = {
			isa = PBXVariantGroup;
			children = (
				9DE1F3AD1F035DB6006B119C /* Base */,
			);
			name = LaunchScreen.storyboard;
			sourceTree = "<group>";
		};
/* End PBXVariantGroup section */

/* Begin XCBuildConfiguration section */
		9DE1F3B01F035DB6006B119C /* Debug */ = {
			isa = XCBuildConfiguration;
			buildSettings = {
				ALWAYS_SEARCH_USER_PATHS = NO;
				CLANG_ANALYZER_NONNULL = YES;
				CLANG_ANALYZER_NUMBER_OBJECT_CONVERSION = YES_AGGRESSIVE;
				CLANG_CXX_LANGUAGE_STANDARD = "gnu++0x";
				CLANG_CXX_LIBRARY = "libc++";
				CLANG_ENABLE_MODULES = YES;
				CLANG_ENABLE_OBJC_ARC = YES;
				CLANG_WARN_BOOL_CONVERSION = YES;
				CLANG_WARN_CONSTANT_CONVERSION = YES;
				CLANG_WARN_DIRECT_OBJC_ISA_USAGE = YES_ERROR;
				CLANG_WARN_DOCUMENTATION_COMMENTS = YES;
				CLANG_WARN_EMPTY_BODY = YES;
				CLANG_WARN_ENUM_CONVERSION = YES;
				CLANG_WARN_INFINITE_RECURSION = YES;
				CLANG_WARN_INT_CONVERSION = YES;
				CLANG_WARN_OBJC_ROOT_CLASS = YES_ERROR;
				CLANG_WARN_SUSPICIOUS_MOVE = YES;
				CLANG_WARN_UNREACHABLE_CODE = YES;
				CLANG_WARN__DUPLICATE_METHOD_MATCH = YES;
				"CODE_SIGN_IDENTITY[sdk=iphoneos*]" = "iPhone Developer";
				COPY_PHASE_STRIP = NO;
				DEBUG_INFORMATION_FORMAT = dwarf;
				ENABLE_STRICT_OBJC_MSGSEND = YES;
				ENABLE_TESTABILITY = YES;
				GCC_C_LANGUAGE_STANDARD = gnu99;
				GCC_DYNAMIC_NO_PIC = NO;
				GCC_NO_COMMON_BLOCKS = YES;
				GCC_OPTIMIZATION_LEVEL = 0;
				GCC_PREPROCESSOR_DEFINITIONS = (
					"DEBUG=1",
					"$(inherited)",
				);
				GCC_WARN_64_TO_32_BIT_CONVERSION = YES;
				GCC_WARN_ABOUT_RETURN_TYPE = YES_ERROR;
				GCC_WARN_UNDECLARED_SELECTOR = YES;
				GCC_WARN_UNINITIALIZED_AUTOS = YES_AGGRESSIVE;
				GCC_WARN_UNUSED_FUNCTION = YES;
				GCC_WARN_UNUSED_VARIABLE = YES;
				IPHONEOS_DEPLOYMENT_TARGET = 10.3;
				MTL_ENABLE_DEBUG_INFO = YES;
				ONLY_ACTIVE_ARCH = YES;
				SDKROOT = iphoneos;
				SWIFT_ACTIVE_COMPILATION_CONDITIONS = DEBUG;
				SWIFT_OPTIMIZATION_LEVEL = "-Onone";
			};
			name = Debug;
		};
		9DE1F3B11F035DB6006B119C /* Release */ = {
			isa = XCBuildConfiguration;
			buildSettings = {
				ALWAYS_SEARCH_USER_PATHS = NO;
				CLANG_ANALYZER_NONNULL = YES;
				CLANG_ANALYZER_NUMBER_OBJECT_CONVERSION = YES_AGGRESSIVE;
				CLANG_CXX_LANGUAGE_STANDARD = "gnu++0x";
				CLANG_CXX_LIBRARY = "libc++";
				CLANG_ENABLE_MODULES = YES;
				CLANG_ENABLE_OBJC_ARC = YES;
				CLANG_WARN_BOOL_CONVERSION = YES;
				CLANG_WARN_CONSTANT_CONVERSION = YES;
				CLANG_WARN_DIRECT_OBJC_ISA_USAGE = YES_ERROR;
				CLANG_WARN_DOCUMENTATION_COMMENTS = YES;
				CLANG_WARN_EMPTY_BODY = YES;
				CLANG_WARN_ENUM_CONVERSION = YES;
				CLANG_WARN_INFINITE_RECURSION = YES;
				CLANG_WARN_INT_CONVERSION = YES;
				CLANG_WARN_OBJC_ROOT_CLASS = YES_ERROR;
				CLANG_WARN_SUSPICIOUS_MOVE = YES;
				CLANG_WARN_UNREACHABLE_CODE = YES;
				CLANG_WARN__DUPLICATE_METHOD_MATCH = YES;
				"CODE_SIGN_IDENTITY[sdk=iphoneos*]" = "iPhone Developer";
				COPY_PHASE_STRIP = NO;
				DEBUG_INFORMATION_FORMAT = "dwarf-with-dsym";
				ENABLE_NS_ASSERTIONS = NO;
				ENABLE_STRICT_OBJC_MSGSEND = YES;
				GCC_C_LANGUAGE_STANDARD = gnu99;
				GCC_NO_COMMON_BLOCKS = YES;
				GCC_WARN_64_TO_32_BIT_CONVERSION = YES;
				GCC_WARN_ABOUT_RETURN_TYPE = YES_ERROR;
				GCC_WARN_UNDECLARED_SELECTOR = YES;
				GCC_WARN_UNINITIALIZED_AUTOS = YES_AGGRESSIVE;
				GCC_WARN_UNUSED_FUNCTION = YES;
				GCC_WARN_UNUSED_VARIABLE = YES;
				IPHONEOS_DEPLOYMENT_TARGET = 10.3;
				MTL_ENABLE_DEBUG_INFO = NO;
				SDKROOT = iphoneos;
				SWIFT_OPTIMIZATION_LEVEL = "-Owholemodule";
				VALIDATE_PRODUCT = YES;
			};
			name = Release;
		};
		9DE1F3B31F035DB6006B119C /* Debug */ = {
			isa = XCBuildConfiguration;
			baseConfigurationReference = 4EF2437BECDFDBC98D4C9B61 /* Pods-Beauty.debug.xcconfig */;
			buildSettings = {
				ASSETCATALOG_COMPILER_APPICON_NAME = AppIcon;
				DEVELOPMENT_TEAM = JH4GHHSL6Z;
				INFOPLIST_FILE = Beauty/Info.plist;
				LD_RUNPATH_SEARCH_PATHS = "$(inherited) @executable_path/Frameworks";
				PRODUCT_BUNDLE_IDENTIFIER = cn.VIPLimited.Beauty;
				PRODUCT_NAME = "$(TARGET_NAME)";
				SWIFT_VERSION = 3.0;
			};
			name = Debug;
		};
		9DE1F3B41F035DB6006B119C /* Release */ = {
			isa = XCBuildConfiguration;
			baseConfigurationReference = 41F502CEC5D0B78D5D250B4A /* Pods-Beauty.release.xcconfig */;
			buildSettings = {
				ASSETCATALOG_COMPILER_APPICON_NAME = AppIcon;
				DEVELOPMENT_TEAM = JH4GHHSL6Z;
				INFOPLIST_FILE = Beauty/Info.plist;
				LD_RUNPATH_SEARCH_PATHS = "$(inherited) @executable_path/Frameworks";
				PRODUCT_BUNDLE_IDENTIFIER = cn.VIPLimited.Beauty;
				PRODUCT_NAME = "$(TARGET_NAME)";
				SWIFT_VERSION = 3.0;
			};
			name = Release;
		};
/* End XCBuildConfiguration section */

/* Begin XCConfigurationList section */
		9DE1F39B1F035DB5006B119C /* Build configuration list for PBXProject "Beauty" */ = {
			isa = XCConfigurationList;
			buildConfigurations = (
				9DE1F3B01F035DB6006B119C /* Debug */,
				9DE1F3B11F035DB6006B119C /* Release */,
			);
			defaultConfigurationIsVisible = 0;
			defaultConfigurationName = Release;
		};
		9DE1F3B21F035DB6006B119C /* Build configuration list for PBXNativeTarget "Beauty" */ = {
			isa = XCConfigurationList;
			buildConfigurations = (
				9DE1F3B31F035DB6006B119C /* Debug */,
				9DE1F3B41F035DB6006B119C /* Release */,
			);
			defaultConfigurationIsVisible = 0;
			defaultConfigurationName = Release;
		};
/* End XCConfigurationList section */
	};
	rootObject = 9DE1F3981F035DB5006B119C /* Project object */;
}
